// !$*UTF8*$!
{
	archiveVersion = 1;
	classes = {
	};
	objectVersion = 55;
	objects = {

/* Begin PBXBuildFile section */
		1C7F5F1227AD89480007E963 /* Tests_iOS.swift in Sources */ = {isa = PBXBuildFile; fileRef = 1C7F5F1127AD89480007E963 /* Tests_iOS.swift */; };
		1C7F5F1427AD89480007E963 /* Tests_iOSLaunchTests.swift in Sources */ = {isa = PBXBuildFile; fileRef = 1C7F5F1327AD89480007E963 /* Tests_iOSLaunchTests.swift */; };
		1C7F5F1E27AD89480007E963 /* Tests_macOS.swift in Sources */ = {isa = PBXBuildFile; fileRef = 1C7F5F1D27AD89480007E963 /* Tests_macOS.swift */; };
		1C7F5F2027AD89480007E963 /* Tests_macOSLaunchTests.swift in Sources */ = {isa = PBXBuildFile; fileRef = 1C7F5F1F27AD89480007E963 /* Tests_macOSLaunchTests.swift */; };
		1C7F5F2327AD89480007E963 /* ContentView.swift in Sources */ = {isa = PBXBuildFile; fileRef = 1C7F5EFA27AD89430007E963 /* ContentView.swift */; };
		1C7F5F2427AD89480007E963 /* ContentView.swift in Sources */ = {isa = PBXBuildFile; fileRef = 1C7F5EFA27AD89430007E963 /* ContentView.swift */; };
		1C7F5F2527AD89480007E963 /* Assets.xcassets in Resources */ = {isa = PBXBuildFile; fileRef = 1C7F5EFB27AD89480007E963 /* Assets.xcassets */; };
		1C7F5F2627AD89480007E963 /* Assets.xcassets in Resources */ = {isa = PBXBuildFile; fileRef = 1C7F5EFB27AD89480007E963 /* Assets.xcassets */; };
		1C7F9825280F431700F2BFE8 /* ellipsoid.swift in Sources */ = {isa = PBXBuildFile; fileRef = 1C7F9824280F431700F2BFE8 /* ellipsoid.swift */; };
		1C7F9826280F431700F2BFE8 /* ellipsoid.swift in Sources */ = {isa = PBXBuildFile; fileRef = 1C7F9824280F431700F2BFE8 /* ellipsoid.swift */; };
		1C7F982B280F55A500F2BFE8 /* TestApp.swift in Sources */ = {isa = PBXBuildFile; fileRef = 1C7F982A280F55A500F2BFE8 /* TestApp.swift */; };
		1C7F982C280F55A500F2BFE8 /* TestApp.swift in Sources */ = {isa = PBXBuildFile; fileRef = 1C7F982A280F55A500F2BFE8 /* TestApp.swift */; };
/* End PBXBuildFile section */

/* Begin PBXContainerItemProxy section */
		1C7F5F0E27AD89480007E963 /* PBXContainerItemProxy */ = {
			isa = PBXContainerItemProxy;
			containerPortal = 1C7F5EF427AD89430007E963 /* Project object */;
			proxyType = 1;
			remoteGlobalIDString = 1C7F5EFF27AD89480007E963;
			remoteInfo = "Homework 1 (iOS)";
		};
		1C7F5F1A27AD89480007E963 /* PBXContainerItemProxy */ = {
			isa = PBXContainerItemProxy;
			containerPortal = 1C7F5EF427AD89430007E963 /* Project object */;
			proxyType = 1;
			remoteGlobalIDString = 1C7F5F0527AD89480007E963;
			remoteInfo = "Homework 1 (macOS)";
		};
/* End PBXContainerItemProxy section */

/* Begin PBXFileReference section */
		1C7F5EFA27AD89430007E963 /* ContentView.swift */ = {isa = PBXFileReference; lastKnownFileType = sourcecode.swift; path = ContentView.swift; sourceTree = "<group>"; };
		1C7F5EFB27AD89480007E963 /* Assets.xcassets */ = {isa = PBXFileReference; lastKnownFileType = folder.assetcatalog; path = Assets.xcassets; sourceTree = "<group>"; };
		1C7F5F0027AD89480007E963 /* Homework 1.app */ = {isa = PBXFileReference; explicitFileType = wrapper.application; includeInIndex = 0; path = "Homework 1.app"; sourceTree = BUILT_PRODUCTS_DIR; };
		1C7F5F0627AD89480007E963 /* Homework 1.app */ = {isa = PBXFileReference; explicitFileType = wrapper.application; includeInIndex = 0; path = "Homework 1.app"; sourceTree = BUILT_PRODUCTS_DIR; };
		1C7F5F0827AD89480007E963 /* macOS.entitlements */ = {isa = PBXFileReference; lastKnownFileType = text.plist.entitlements; path = macOS.entitlements; sourceTree = "<group>"; };
		1C7F5F0D27AD89480007E963 /* Tests iOS.xctest */ = {isa = PBXFileReference; explicitFileType = wrapper.cfbundle; includeInIndex = 0; path = "Tests iOS.xctest"; sourceTree = BUILT_PRODUCTS_DIR; };
		1C7F5F1127AD89480007E963 /* Tests_iOS.swift */ = {isa = PBXFileReference; lastKnownFileType = sourcecode.swift; path = Tests_iOS.swift; sourceTree = "<group>"; };
		1C7F5F1327AD89480007E963 /* Tests_iOSLaunchTests.swift */ = {isa = PBXFileReference; lastKnownFileType = sourcecode.swift; path = Tests_iOSLaunchTests.swift; sourceTree = "<group>"; };
		1C7F5F1927AD89480007E963 /* Tests macOS.xctest */ = {isa = PBXFileReference; explicitFileType = wrapper.cfbundle; includeInIndex = 0; path = "Tests macOS.xctest"; sourceTree = BUILT_PRODUCTS_DIR; };
		1C7F5F1D27AD89480007E963 /* Tests_macOS.swift */ = {isa = PBXFileReference; lastKnownFileType = sourcecode.swift; path = Tests_macOS.swift; sourceTree = "<group>"; };
		1C7F5F1F27AD89480007E963 /* Tests_macOSLaunchTests.swift */ = {isa = PBXFileReference; lastKnownFileType = sourcecode.swift; path = Tests_macOSLaunchTests.swift; sourceTree = "<group>"; };
		1C7F9824280F431700F2BFE8 /* ellipsoid.swift */ = {isa = PBXFileReference; lastKnownFileType = sourcecode.swift; path = ellipsoid.swift; sourceTree = "<group>"; };
		1C7F982A280F55A500F2BFE8 /* TestApp.swift */ = {isa = PBXFileReference; lastKnownFileType = sourcecode.swift; path = TestApp.swift; sourceTree = "<group>"; };
/* End PBXFileReference section */

/* Begin PBXFrameworksBuildPhase section */
		1C7F5EFD27AD89480007E963 /* Frameworks */ = {
			isa = PBXFrameworksBuildPhase;
			buildActionMask = 2147483647;
			files = (
			);
			runOnlyForDeploymentPostprocessing = 0;
		};
		1C7F5F0327AD89480007E963 /* Frameworks */ = {
			isa = PBXFrameworksBuildPhase;
			buildActionMask = 2147483647;
			files = (
			);
			runOnlyForDeploymentPostprocessing = 0;
		};
		1C7F5F0A27AD89480007E963 /* Frameworks */ = {
			isa = PBXFrameworksBuildPhase;
			buildActionMask = 2147483647;
			files = (
			);
			runOnlyForDeploymentPostprocessing = 0;
		};
		1C7F5F1627AD89480007E963 /* Frameworks */ = {
			isa = PBXFrameworksBuildPhase;
			buildActionMask = 2147483647;
			files = (
			);
			runOnlyForDeploymentPostprocessing = 0;
		};
/* End PBXFrameworksBuildPhase section */

/* Begin PBXGroup section */
		1C7F5EF327AD89430007E963 = {
			isa = PBXGroup;
			children = (
				1C7F5EF827AD89430007E963 /* Shared */,
				1C7F5F0727AD89480007E963 /* macOS */,
				1C7F5F1027AD89480007E963 /* Tests iOS */,
				1C7F5F1C27AD89480007E963 /* Tests macOS */,
				1C7F5F0127AD89480007E963 /* Products */,
			);
			sourceTree = "<group>";
		};
		1C7F5EF827AD89430007E963 /* Shared */ = {
			isa = PBXGroup;
			children = (
				1C7F5EFA27AD89430007E963 /* ContentView.swift */,
				1C7F982A280F55A500F2BFE8 /* TestApp.swift */,
				1C7F5EFB27AD89480007E963 /* Assets.xcassets */,
				1C7F9824280F431700F2BFE8 /* ellipsoid.swift */,
			);
			path = Shared;
			sourceTree = "<group>";
		};
		1C7F5F0127AD89480007E963 /* Products */ = {
			isa = PBXGroup;
			children = (
				1C7F5F0027AD89480007E963 /* Homework 1.app */,
				1C7F5F0627AD89480007E963 /* Homework 1.app */,
				1C7F5F0D27AD89480007E963 /* Tests iOS.xctest */,
				1C7F5F1927AD89480007E963 /* Tests macOS.xctest */,
			);
			name = Products;
			sourceTree = "<group>";
		};
		1C7F5F0727AD89480007E963 /* macOS */ = {
			isa = PBXGroup;
			children = (
				1C7F5F0827AD89480007E963 /* macOS.entitlements */,
			);
			path = macOS;
			sourceTree = "<group>";
		};
		1C7F5F1027AD89480007E963 /* Tests iOS */ = {
			isa = PBXGroup;
			children = (
				1C7F5F1127AD89480007E963 /* Tests_iOS.swift */,
				1C7F5F1327AD89480007E963 /* Tests_iOSLaunchTests.swift */,
			);
			path = "Tests iOS";
			sourceTree = "<group>";
		};
		1C7F5F1C27AD89480007E963 /* Tests macOS */ = {
			isa = PBXGroup;
			children = (
				1C7F5F1D27AD89480007E963 /* Tests_macOS.swift */,
				1C7F5F1F27AD89480007E963 /* Tests_macOSLaunchTests.swift */,
			);
			path = "Tests macOS";
			sourceTree = "<group>";
		};
/* End PBXGroup section */

/* Begin PBXNativeTarget section */
		1C7F5EFF27AD89480007E963 /* Homework 1 (iOS) */ = {
			isa = PBXNativeTarget;
			buildConfigurationList = 1C7F5F2927AD89480007E963 /* Build configuration list for PBXNativeTarget "Homework 1 (iOS)" */;
			buildPhases = (
				1C7F5EFC27AD89480007E963 /* Sources */,
				1C7F5EFD27AD89480007E963 /* Frameworks */,
				1C7F5EFE27AD89480007E963 /* Resources */,
			);
			buildRules = (
			);
			dependencies = (
			);
			name = "Homework 1 (iOS)";
			productName = "Homework 1 (iOS)";
			productReference = 1C7F5F0027AD89480007E963 /* Homework 1.app */;
			productType = "com.apple.product-type.application";
		};
		1C7F5F0527AD89480007E963 /* Homework 1 (macOS) */ = {
			isa = PBXNativeTarget;
			buildConfigurationList = 1C7F5F2C27AD89480007E963 /* Build configuration list for PBXNativeTarget "Homework 1 (macOS)" */;
			buildPhases = (
				1C7F5F0227AD89480007E963 /* Sources */,
				1C7F5F0327AD89480007E963 /* Frameworks */,
				1C7F5F0427AD89480007E963 /* Resources */,
			);
			buildRules = (
			);
			dependencies = (
			);
			name = "Homework 1 (macOS)";
			productName = "Homework 1 (macOS)";
			productReference = 1C7F5F0627AD89480007E963 /* Homework 1.app */;
			productType = "com.apple.product-type.application";
		};
		1C7F5F0C27AD89480007E963 /* Tests iOS */ = {
			isa = PBXNativeTarget;
			buildConfigurationList = 1C7F5F2F27AD89480007E963 /* Build configuration list for PBXNativeTarget "Tests iOS" */;
			buildPhases = (
				1C7F5F0927AD89480007E963 /* Sources */,
				1C7F5F0A27AD89480007E963 /* Frameworks */,
				1C7F5F0B27AD89480007E963 /* Resources */,
			);
			buildRules = (
			);
			dependencies = (
				1C7F5F0F27AD89480007E963 /* PBXTargetDependency */,
			);
			name = "Tests iOS";
			productName = "Tests iOS";
			productReference = 1C7F5F0D27AD89480007E963 /* Tests iOS.xctest */;
			productType = "com.apple.product-type.bundle.ui-testing";
		};
		1C7F5F1827AD89480007E963 /* Tests macOS */ = {
			isa = PBXNativeTarget;
			buildConfigurationList = 1C7F5F3227AD89480007E963 /* Build configuration list for PBXNativeTarget "Tests macOS" */;
			buildPhases = (
				1C7F5F1527AD89480007E963 /* Sources */,
				1C7F5F1627AD89480007E963 /* Frameworks */,
				1C7F5F1727AD89480007E963 /* Resources */,
			);
			buildRules = (
			);
			dependencies = (
				1C7F5F1B27AD89480007E963 /* PBXTargetDependency */,
			);
			name = "Tests macOS";
			productName = "Tests macOS";
			productReference = 1C7F5F1927AD89480007E963 /* Tests macOS.xctest */;
			productType = "com.apple.product-type.bundle.ui-testing";
		};
/* End PBXNativeTarget section */

/* Begin PBXProject section */
		1C7F5EF427AD89430007E963 /* Project object */ = {
			isa = PBXProject;
			attributes = {
				BuildIndependentTargetsInParallel = 1;
				LastSwiftUpdateCheck = 1320;
				LastUpgradeCheck = 1330;
				TargetAttributes = {
					1C7F5EFF27AD89480007E963 = {
						CreatedOnToolsVersion = 13.2.1;
					};
					1C7F5F0527AD89480007E963 = {
						CreatedOnToolsVersion = 13.2.1;
					};
					1C7F5F0C27AD89480007E963 = {
						CreatedOnToolsVersion = 13.2.1;
						TestTargetID = 1C7F5EFF27AD89480007E963;
					};
					1C7F5F1827AD89480007E963 = {
						CreatedOnToolsVersion = 13.2.1;
						TestTargetID = 1C7F5F0527AD89480007E963;
					};
				};
			};
			buildConfigurationList = 1C7F5EF727AD89430007E963 /* Build configuration list for PBXProject "Homework 1" */;
			compatibilityVersion = "Xcode 13.0";
			developmentRegion = en;
			hasScannedForEncodings = 0;
			knownRegions = (
				en,
				Base,
			);
			mainGroup = 1C7F5EF327AD89430007E963;
			productRefGroup = 1C7F5F0127AD89480007E963 /* Products */;
			projectDirPath = "";
			projectRoot = "";
			targets = (
				1C7F5EFF27AD89480007E963 /* Homework 1 (iOS) */,
				1C7F5F0527AD89480007E963 /* Homework 1 (macOS) */,
				1C7F5F0C27AD89480007E963 /* Tests iOS */,
				1C7F5F1827AD89480007E963 /* Tests macOS */,
			);
		};
/* End PBXProject section */

/* Begin PBXResourcesBuildPhase section */
		1C7F5EFE27AD89480007E963 /* Resources */ = {
			isa = PBXResourcesBuildPhase;
			buildActionMask = 2147483647;
			files = (
				1C7F5F2527AD89480007E963 /* Assets.xcassets in Resources */,
			);
			runOnlyForDeploymentPostprocessing = 0;
		};
		1C7F5F0427AD89480007E963 /* Resources */ = {
			isa = PBXResourcesBuildPhase;
			buildActionMask = 2147483647;
			files = (
				1C7F5F2627AD89480007E963 /* Assets.xcassets in Resources */,
			);
			runOnlyForDeploymentPostprocessing = 0;
		};
		1C7F5F0B27AD89480007E963 /* Resources */ = {
			isa = PBXResourcesBuildPhase;
			buildActionMask = 2147483647;
			files = (
			);
			runOnlyForDeploymentPostprocessing = 0;
		};
		1C7F5F1727AD89480007E963 /* Resources */ = {
			isa = PBXResourcesBuildPhase;
			buildActionMask = 2147483647;
			files = (
			);
			runOnlyForDeploymentPostprocessing = 0;
		};
/* End PBXResourcesBuildPhase section */

/* Begin PBXSourcesBuildPhase section */
		1C7F5EFC27AD89480007E963 /* Sources */ = {
			isa = PBXSourcesBuildPhase;
			buildActionMask = 2147483647;
			files = (
				1C7F5F2327AD89480007E963 /* ContentView.swift in Sources */,
				1C7F9825280F431700F2BFE8 /* ellipsoid.swift in Sources */,
				1C7F982B280F55A500F2BFE8 /* TestApp.swift in Sources */,
			);
			runOnlyForDeploymentPostprocessing = 0;
		};
		1C7F5F0227AD89480007E963 /* Sources */ = {
			isa = PBXSourcesBuildPhase;
			buildActionMask = 2147483647;
			files = (
				1C7F5F2427AD89480007E963 /* ContentView.swift in Sources */,
				1C7F9826280F431700F2BFE8 /* ellipsoid.swift in Sources */,
				1C7F982C280F55A500F2BFE8 /* TestApp.swift in Sources */,
			);
			runOnlyForDeploymentPostprocessing = 0;
		};
		1C7F5F0927AD89480007E963 /* Sources */ = {
			isa = PBXSourcesBuildPhase;
			buildActionMask = 2147483647;
			files = (
				1C7F5F1427AD89480007E963 /* Tests_iOSLaunchTests.swift in Sources */,
				1C7F5F1227AD89480007E963 /* Tests_iOS.swift in Sources */,
			);
			runOnlyForDeploymentPostprocessing = 0;
		};
		1C7F5F1527AD89480007E963 /* Sources */ = {
			isa = PBXSourcesBuildPhase;
			buildActionMask = 2147483647;
			files = (
				1C7F5F2027AD89480007E963 /* Tests_macOSLaunchTests.swift in Sources */,
				1C7F5F1E27AD89480007E963 /* Tests_macOS.swift in Sources */,
			);
			runOnlyForDeploymentPostprocessing = 0;
		};
/* End PBXSourcesBuildPhase section */

/* Begin PBXTargetDependency section */
		1C7F5F0F27AD89480007E963 /* PBXTargetDependency */ = {
			isa = PBXTargetDependency;
			target = 1C7F5EFF27AD89480007E963 /* Homework 1 (iOS) */;
			targetProxy = 1C7F5F0E27AD89480007E963 /* PBXContainerItemProxy */;
		};
		1C7F5F1B27AD89480007E963 /* PBXTargetDependency */ = {
			isa = PBXTargetDependency;
			target = 1C7F5F0527AD89480007E963 /* Homework 1 (macOS) */;
			targetProxy = 1C7F5F1A27AD89480007E963 /* PBXContainerItemProxy */;
		};
/* End PBXTargetDependency section */

/* Begin XCBuildConfiguration section */
		1C7F5F2727AD89480007E963 /* Debug */ = {
			isa = XCBuildConfiguration;
			buildSettings = {
				ALWAYS_SEARCH_USER_PATHS = NO;
				CLANG_ANALYZER_NONNULL = YES;
				CLANG_ANALYZER_NUMBER_OBJECT_CONVERSION = YES_AGGRESSIVE;
				CLANG_CXX_LANGUAGE_STANDARD = "gnu++17";
				CLANG_CXX_LIBRARY = "libc++";
				CLANG_ENABLE_MODULES = YES;
				CLANG_ENABLE_OBJC_ARC = YES;
				CLANG_ENABLE_OBJC_WEAK = YES;
				CLANG_WARN_BLOCK_CAPTURE_AUTORELEASING = YES;
				CLANG_WARN_BOOL_CONVERSION = YES;
				CLANG_WARN_COMMA = YES;
				CLANG_WARN_CONSTANT_CONVERSION = YES;
				CLANG_WARN_DEPRECATED_OBJC_IMPLEMENTATIONS = YES;
				CLANG_WARN_DIRECT_OBJC_ISA_USAGE = YES_ERROR;
				CLANG_WARN_DOCUMENTATION_COMMENTS = YES;
				CLANG_WARN_EMPTY_BODY = YES;
				CLANG_WARN_ENUM_CONVERSION = YES;
				CLANG_WARN_INFINITE_RECURSION = YES;
				CLANG_WARN_INT_CONVERSION = YES;
				CLANG_WARN_NON_LITERAL_NULL_CONVERSION = YES;
				CLANG_WARN_OBJC_IMPLICIT_RETAIN_SELF = YES;
				CLANG_WARN_OBJC_LITERAL_CONVERSION = YES;
				CLANG_WARN_OBJC_ROOT_CLASS = YES_ERROR;
				CLANG_WARN_QUOTED_INCLUDE_IN_FRAMEWORK_HEADER = YES;
				CLANG_WARN_RANGE_LOOP_ANALYSIS = YES;
				CLANG_WARN_STRICT_PROTOTYPES = YES;
				CLANG_WARN_SUSPICIOUS_MOVE = YES;
				CLANG_WARN_UNGUARDED_AVAILABILITY = YES_AGGRESSIVE;
				CLANG_WARN_UNREACHABLE_CODE = YES;
				CLANG_WARN__DUPLICATE_METHOD_MATCH = YES;
				COPY_PHASE_STRIP = NO;
				DEBUG_INFORMATION_FORMAT = dwarf;
				ENABLE_STRICT_OBJC_MSGSEND = YES;
				ENABLE_TESTABILITY = YES;
				GCC_C_LANGUAGE_STANDARD = gnu11;
				GCC_DYNAMIC_NO_PIC = NO;
				GCC_NO_COMMON_BLOCKS = YES;
				GCC_OPTIMIZATION_LEVEL = 0;
				GCC_PREPROCESSOR_DEFINITIONS = (
					"DEBUG=1",
					"$(inherited)",
				);
				GCC_WARN_64_TO_32_BIT_CONVERSION = YES;
				GCC_WARN_ABOUT_RETURN_TYPE = YES_ERROR;
				GCC_WARN_UNDECLARED_SELECTOR = YES;
				GCC_WARN_UNINITIALIZED_AUTOS = YES_AGGRESSIVE;
				GCC_WARN_UNUSED_FUNCTION = YES;
				GCC_WARN_UNUSED_VARIABLE = YES;
				MTL_ENABLE_DEBUG_INFO = INCLUDE_SOURCE;
				MTL_FAST_MATH = YES;
				ONLY_ACTIVE_ARCH = YES;
				SWIFT_ACTIVE_COMPILATION_CONDITIONS = DEBUG;
				SWIFT_OPTIMIZATION_LEVEL = "-Onone";
			};
			name = Debug;
		};
		1C7F5F2827AD89480007E963 /* Release */ = {
			isa = XCBuildConfiguration;
			buildSettings = {
				ALWAYS_SEARCH_USER_PATHS = NO;
				CLANG_ANALYZER_NONNULL = YES;
				CLANG_ANALYZER_NUMBER_OBJECT_CONVERSION = YES_AGGRESSIVE;
				CLANG_CXX_LANGUAGE_STANDARD = "gnu++17";
				CLANG_CXX_LIBRARY = "libc++";
				CLANG_ENABLE_MODULES = YES;
				CLANG_ENABLE_OBJC_ARC = YES;
				CLANG_ENABLE_OBJC_WEAK = YES;
				CLANG_WARN_BLOCK_CAPTURE_AUTORELEASING = YES;
				CLANG_WARN_BOOL_CONVERSION = YES;
				CLANG_WARN_COMMA = YES;
				CLANG_WARN_CONSTANT_CONVERSION = YES;
				CLANG_WARN_DEPRECATED_OBJC_IMPLEMENTATIONS = YES;
				CLANG_WARN_DIRECT_OBJC_ISA_USAGE = YES_ERROR;
				CLANG_WARN_DOCUMENTATION_COMMENTS = YES;
				CLANG_WARN_EMPTY_BODY = YES;
				CLANG_WARN_ENUM_CONVERSION = YES;
				CLANG_WARN_INFINITE_RECURSION = YES;
				CLANG_WARN_INT_CONVERSION = YES;
				CLANG_WARN_NON_LITERAL_NULL_CONVERSION = YES;
				CLANG_WARN_OBJC_IMPLICIT_RETAIN_SELF = YES;
				CLANG_WARN_OBJC_LITERAL_CONVERSION = YES;
				CLANG_WARN_OBJC_ROOT_CLASS = YES_ERROR;
				CLANG_WARN_QUOTED_INCLUDE_IN_FRAMEWORK_HEADER = YES;
				CLANG_WARN_RANGE_LOOP_ANALYSIS = YES;
				CLANG_WARN_STRICT_PROTOTYPES = YES;
				CLANG_WARN_SUSPICIOUS_MOVE = YES;
				CLANG_WARN_UNGUARDED_AVAILABILITY = YES_AGGRESSIVE;
				CLANG_WARN_UNREACHABLE_CODE = YES;
				CLANG_WARN__DUPLICATE_METHOD_MATCH = YES;
				COPY_PHASE_STRIP = NO;
				DEBUG_INFORMATION_FORMAT = "dwarf-with-dsym";
				ENABLE_NS_ASSERTIONS = NO;
				ENABLE_STRICT_OBJC_MSGSEND = YES;
				GCC_C_LANGUAGE_STANDARD = gnu11;
				GCC_NO_COMMON_BLOCKS = YES;
				GCC_WARN_64_TO_32_BIT_CONVERSION = YES;
				GCC_WARN_ABOUT_RETURN_TYPE = YES_ERROR;
				GCC_WARN_UNDECLARED_SELECTOR = YES;
				GCC_WARN_UNINITIALIZED_AUTOS = YES_AGGRESSIVE;
				GCC_WARN_UNUSED_FUNCTION = YES;
				GCC_WARN_UNUSED_VARIABLE = YES;
				MTL_ENABLE_DEBUG_INFO = NO;
				MTL_FAST_MATH = YES;
				SWIFT_COMPILATION_MODE = wholemodule;
				SWIFT_OPTIMIZATION_LEVEL = "-O";
			};
			name = Release;
		};
		1C7F5F2A27AD89480007E963 /* Debug */ = {
			isa = XCBuildConfiguration;
			buildSettings = {
				ASSETCATALOG_COMPILER_APPICON_NAME = AppIcon;
				ASSETCATALOG_COMPILER_GLOBAL_ACCENT_COLOR_NAME = AccentColor;
				CODE_SIGN_STYLE = Automatic;
				CURRENT_PROJECT_VERSION = 1;
				ENABLE_PREVIEWS = YES;
				GENERATE_INFOPLIST_FILE = YES;
				INFOPLIST_KEY_UIApplicationSceneManifest_Generation = YES;
				INFOPLIST_KEY_UIApplicationSupportsIndirectInputEvents = YES;
				INFOPLIST_KEY_UILaunchScreen_Generation = YES;
				INFOPLIST_KEY_UISupportedInterfaceOrientations_iPad = "UIInterfaceOrientationPortrait UIInterfaceOrientationPortraitUpsideDown UIInterfaceOrientationLandscapeLeft UIInterfaceOrientationLandscapeRight";
				INFOPLIST_KEY_UISupportedInterfaceOrientations_iPhone = "UIInterfaceOrientationPortrait UIInterfaceOrientationLandscapeLeft UIInterfaceOrientationLandscapeRight";
				IPHONEOS_DEPLOYMENT_TARGET = 15.2;
				LD_RUNPATH_SEARCH_PATHS = (
					"$(inherited)",
					"@executable_path/Frameworks",
				);
				MARKETING_VERSION = 1.0;
				PRODUCT_BUNDLE_IDENTIFIER = "CJ.Homework-1";
				PRODUCT_NAME = "Homework 1";
				SDKROOT = iphoneos;
				SWIFT_EMIT_LOC_STRINGS = YES;
				SWIFT_VERSION = 5.0;
				TARGETED_DEVICE_FAMILY = "1,2";
			};
			name = Debug;
		};
		1C7F5F2B27AD89480007E963 /* Release */ = {
			isa = XCBuildConfiguration;
			buildSettings = {
				ASSETCATALOG_COMPILER_APPICON_NAME = AppIcon;
				ASSETCATALOG_COMPILER_GLOBAL_ACCENT_COLOR_NAME = AccentColor;
				CODE_SIGN_STYLE = Automatic;
				CURRENT_PROJECT_VERSION = 1;
				ENABLE_PREVIEWS = YES;
				GENERATE_INFOPLIST_FILE = YES;
				INFOPLIST_KEY_UIApplicationSceneManifest_Generation = YES;
				INFOPLIST_KEY_UIApplicationSupportsIndirectInputEvents = YES;
				INFOPLIST_KEY_UILaunchScreen_Generation = YES;
				INFOPLIST_KEY_UISupportedInterfaceOrientations_iPad = "UIInterfaceOrientationPortrait UIInterfaceOrientationPortraitUpsideDown UIInterfaceOrientationLandscapeLeft UIInterfaceOrientationLandscapeRight";
				INFOPLIST_KEY_UISupportedInterfaceOrientations_iPhone = "UIInterfaceOrientationPortrait UIInterfaceOrientationLandscapeLeft UIInterfaceOrientationLandscapeRight";
				IPHONEOS_DEPLOYMENT_TARGET = 15.2;
				LD_RUNPATH_SEARCH_PATHS = (
					"$(inherited)",
					"@executable_path/Frameworks",
				);
				MARKETING_VERSION = 1.0;
				PRODUCT_BUNDLE_IDENTIFIER = "CJ.Homework-1";
				PRODUCT_NAME = "Homework 1";
				SDKROOT = iphoneos;
				SWIFT_EMIT_LOC_STRINGS = YES;
				SWIFT_VERSION = 5.0;
				TARGETED_DEVICE_FAMILY = "1,2";
				VALIDATE_PRODUCT = YES;
			};
			name = Release;
		};
		1C7F5F2D27AD89480007E963 /* Debug */ = {
			isa = XCBuildConfiguration;
			buildSettings = {
				ASSETCATALOG_COMPILER_APPICON_NAME = AppIcon;
				ASSETCATALOG_COMPILER_GLOBAL_ACCENT_COLOR_NAME = AccentColor;
				CODE_SIGN_ENTITLEMENTS = macOS/macOS.entitlements;
				CODE_SIGN_IDENTITY = "-";
				CODE_SIGN_STYLE = Automatic;
				COMBINE_HIDPI_IMAGES = YES;
				CURRENT_PROJECT_VERSION = 1;
				ENABLE_PREVIEWS = YES;
				GENERATE_INFOPLIST_FILE = YES;
				INFOPLIST_KEY_NSHumanReadableCopyright = "";
				LD_RUNPATH_SEARCH_PATHS = (
					"$(inherited)",
					"@executable_path/../Frameworks",
				);
				MACOSX_DEPLOYMENT_TARGET = 12.1;
				MARKETING_VERSION = 1.0;
				PRODUCT_BUNDLE_IDENTIFIER = "CJ.Homework-1";
				PRODUCT_NAME = "Homework 1";
				SDKROOT = macosx;
				SWIFT_EMIT_LOC_STRINGS = YES;
				SWIFT_VERSION = 5.0;
			};
			name = Debug;
		};
		1C7F5F2E27AD89480007E963 /* Release */ = {
			isa = XCBuildConfiguration;
			buildSettings = {
				ASSETCATALOG_COMPILER_APPICON_NAME = AppIcon;
				ASSETCATALOG_COMPILER_GLOBAL_ACCENT_COLOR_NAME = AccentColor;
				CODE_SIGN_ENTITLEMENTS = macOS/macOS.entitlements;
				CODE_SIGN_IDENTITY = "-";
				CODE_SIGN_STYLE = Automatic;
				COMBINE_HIDPI_IMAGES = YES;
				CURRENT_PROJECT_VERSION = 1;
				ENABLE_PREVIEWS = YES;
				GENERATE_INFOPLIST_FILE = YES;
				INFOPLIST_KEY_NSHumanReadableCopyright = "";
				LD_RUNPATH_SEARCH_PATHS = (
					"$(inherited)",
					"@executable_path/../Frameworks",
				);
				MACOSX_DEPLOYMENT_TARGET = 12.1;
				MARKETING_VERSION = 1.0;
				PRODUCT_BUNDLE_IDENTIFIER = "CJ.Homework-1";
				PRODUCT_NAME = "Homework 1";
				SDKROOT = macosx;
				SWIFT_EMIT_LOC_STRINGS = YES;
				SWIFT_VERSION = 5.0;
			};
			name = Release;
		};
		1C7F5F3027AD89480007E963 /* Debug */ = {
			isa = XCBuildConfiguration;
			buildSettings = {
				ALWAYS_EMBED_SWIFT_STANDARD_LIBRARIES = YES;
				CODE_SIGN_STYLE = Automatic;
				CURRENT_PROJECT_VERSION = 1;
				GENERATE_INFOPLIST_FILE = YES;
				IPHONEOS_DEPLOYMENT_TARGET = 15.2;
				MARKETING_VERSION = 1.0;
				PRODUCT_BUNDLE_IDENTIFIER = "CJ.Tests-iOS";
				PRODUCT_NAME = "$(TARGET_NAME)";
				SDKROOT = iphoneos;
				SWIFT_EMIT_LOC_STRINGS = NO;
				SWIFT_VERSION = 5.0;
				TARGETED_DEVICE_FAMILY = "1,2";
				TEST_TARGET_NAME = "Homework 1 (iOS)";
			};
			name = Debug;
		};
		1C7F5F3127AD89480007E963 /* Release */ = {
			isa = XCBuildConfiguration;
			buildSettings = {
				ALWAYS_EMBED_SWIFT_STANDARD_LIBRARIES = YES;
				CODE_SIGN_STYLE = Automatic;
				CURRENT_PROJECT_VERSION = 1;
				GENERATE_INFOPLIST_FILE = YES;
				IPHONEOS_DEPLOYMENT_TARGET = 15.2;
				MARKETING_VERSION = 1.0;
				PRODUCT_BUNDLE_IDENTIFIER = "CJ.Tests-iOS";
				PRODUCT_NAME = "$(TARGET_NAME)";
				SDKROOT = iphoneos;
				SWIFT_EMIT_LOC_STRINGS = NO;
				SWIFT_VERSION = 5.0;
				TARGETED_DEVICE_FAMILY = "1,2";
				TEST_TARGET_NAME = "Homework 1 (iOS)";
				VALIDATE_PRODUCT = YES;
			};
			name = Release;
		};
		1C7F5F3327AD89480007E963 /* Debug */ = {
			isa = XCBuildConfiguration;
			buildSettings = {
				ALWAYS_EMBED_SWIFT_STANDARD_LIBRARIES = YES;
				CODE_SIGN_STYLE = Automatic;
				CURRENT_PROJECT_VERSION = 1;
				GENERATE_INFOPLIST_FILE = YES;
				MACOSX_DEPLOYMENT_TARGET = 12.1;
				MARKETING_VERSION = 1.0;
				PRODUCT_BUNDLE_IDENTIFIER = "CJ.Tests-macOS";
				PRODUCT_NAME = "$(TARGET_NAME)";
				SDKROOT = macosx;
				SWIFT_EMIT_LOC_STRINGS = NO;
				SWIFT_VERSION = 5.0;
				TEST_TARGET_NAME = "Homework 1 (macOS)";
			};
			name = Debug;
		};
		1C7F5F3427AD89480007E963 /* Release */ = {
			isa = XCBuildConfiguration;
			buildSettings = {
				ALWAYS_EMBED_SWIFT_STANDARD_LIBRARIES = YES;
				CODE_SIGN_STYLE = Automatic;
				CURRENT_PROJECT_VERSION = 1;
				GENERATE_INFOPLIST_FILE = YES;
				MACOSX_DEPLOYMENT_TARGET = 12.1;
				MARKETING_VERSION = 1.0;
				PRODUCT_BUNDLE_IDENTIFIER = "CJ.Tests-macOS";
				PRODUCT_NAME = "$(TARGET_NAME)";
				SDKROOT = macosx;
				SWIFT_EMIT_LOC_STRINGS = NO;
				SWIFT_VERSION = 5.0;
				TEST_TARGET_NAME = "Homework 1 (macOS)";
			};
			name = Release;
		};
/* End XCBuildConfiguration section */

/* Begin XCConfigurationList section */
		1C7F5EF727AD89430007E963 /* Build configuration list for PBXProject "Homework 1" */ = {
			isa = XCConfigurationList;
			buildConfigurations = (
				1C7F5F2727AD89480007E963 /* Debug */,
				1C7F5F2827AD89480007E963 /* Release */,
			);
			defaultConfigurationIsVisible = 0;
			defaultConfigurationName = Release;
		};
		1C7F5F2927AD89480007E963 /* Build configuration list for PBXNativeTarget "Homework 1 (iOS)" */ = {
			isa = XCConfigurationList;
			buildConfigurations = (
				1C7F5F2A27AD89480007E963 /* Debug */,
				1C7F5F2B27AD89480007E963 /* Release */,
			);
			defaultConfigurationIsVisible = 0;
			defaultConfigurationName = Release;
		};
		1C7F5F2C27AD89480007E963 /* Build configuration list for PBXNativeTarget "Homework 1 (macOS)" */ = {
			isa = XCConfigurationList;
			buildConfigurations = (
				1C7F5F2D27AD89480007E963 /* Debug */,
				1C7F5F2E27AD89480007E963 /* Release */,
			);
			defaultConfigurationIsVisible = 0;
			defaultConfigurationName = Release;
		};
		1C7F5F2F27AD89480007E963 /* Build configuration list for PBXNativeTarget "Tests iOS" */ = {
			isa = XCConfigurationList;
			buildConfigurations = (
				1C7F5F3027AD89480007E963 /* Debug */,
				1C7F5F3127AD89480007E963 /* Release */,
			);
			defaultConfigurationIsVisible = 0;
			defaultConfigurationName = Release;
		};
		1C7F5F3227AD89480007E963 /* Build configuration list for PBXNativeTarget "Tests macOS" */ = {
			isa = XCConfigurationList;
			buildConfigurations = (
				1C7F5F3327AD89480007E963 /* Debug */,
				1C7F5F3427AD89480007E963 /* Release */,
			);
			defaultConfigurationIsVisible = 0;
			defaultConfigurationName = Release;
		};
/* End XCConfigurationList section */
	};
	rootObject = 1C7F5EF427AD89430007E963 /* Project object */;
}
